
Microsoft Visual Studio Solution File, Format Version 12.00
# Visual Studio Version 17
VisualStudioVersion = 17.13.35931.197 d17.13
MinimumVisualStudioVersion = 10.0.40219.1
Project("{FAE04EC0-301F-11D3-BF4B-00C04F79EFBC}") = "12_ColecaoFila", "12_ColecaoFila.csproj", "{09B81CC6-D176-4B16-AEB0-83315D80FA12}"
EndProject
Global
	GlobalSection(SolutionConfigurationPlatforms) = preSolution
		Debug|Any CPU = Debug|Any CPU
		Release|Any CPU = Release|Any CPU
	EndGlobalSection
	GlobalSection(ProjectConfigurationPlatforms) = postSolution
		{09B81CC6-D176-4B16-AEB0-83315D80FA12}.Debug|Any CPU.ActiveCfg = Debug|Any CPU
		{09B81CC6-D176-4B16-AEB0-83315D80FA12}.Debug|Any CPU.Build.0 = Debug|Any CPU
		{09B81CC6-D176-4B16-AEB0-83315D80FA12}.Release|Any CPU.ActiveCfg = Release|Any CPU
		{09B81CC6-D176-4B16-AEB0-83315D80FA12}.Release|Any CPU.Build.0 = Release|Any CPU
	EndGlobalSection
	GlobalSection(SolutionProperties) = preSolution
		HideSolutionNode = FALSE
	EndGlobalSection
	GlobalSection(ExtensibilityGlobals) = postSolution
		SolutionGuid = {045026F3-1981-40CC-88A4-5CEEFFFE2E06}
	EndGlobalSection
EndGlobal
