
Microsoft Visual Studio Solution File, Format Version 12.00
# Visual Studio Version 17
VisualStudioVersion = 17.13.35931.197 d17.13
MinimumVisualStudioVersion = 10.0.40219.1
Project("{FAE04EC0-301F-11D3-BF4B-00C04F79EFBC}") = "24_CriandoExcecaoPersonalizada", "24_CriandoExcecaoPersonalizada.csproj", "{E460ED1A-73D4-4433-929E-25BC39878A9B}"
EndProject
Global
	GlobalSection(SolutionConfigurationPlatforms) = preSolution
		Debug|Any CPU = Debug|Any CPU
		Release|Any CPU = Release|Any CPU
	EndGlobalSection
	GlobalSection(ProjectConfigurationPlatforms) = postSolution
		{E460ED1A-73D4-4433-929E-25BC39878A9B}.Debug|Any CPU.ActiveCfg = Debug|Any CPU
		{E460ED1A-73D4-4433-929E-25BC39878A9B}.Debug|Any CPU.Build.0 = Debug|Any CPU
		{E460ED1A-73D4-4433-929E-25BC39878A9B}.Release|Any CPU.ActiveCfg = Release|Any CPU
		{E460ED1A-73D4-4433-929E-25BC39878A9B}.Release|Any CPU.Build.0 = Release|Any CPU
	EndGlobalSection
	GlobalSection(SolutionProperties) = preSolution
		HideSolutionNode = FALSE
	EndGlobalSection
	GlobalSection(ExtensibilityGlobals) = postSolution
		SolutionGuid = {553DC7D4-C1EA-4EB6-AA2D-03E06C0BBC55}
	EndGlobalSection
EndGlobal
