
Microsoft Visual Studio Solution File, Format Version 12.00
# Visual Studio Version 17
VisualStudioVersion = 17.13.35931.197 d17.13
MinimumVisualStudioVersion = 10.0.40219.1
Project("{FAE04EC0-301F-11D3-BF4B-00C04F79EFBC}") = "17_Calendario", "17_Calendario.csproj", "{CA6775B2-980E-4849-8CAB-314C530A9A04}"
EndProject
Global
	GlobalSection(SolutionConfigurationPlatforms) = preSolution
		Debug|Any CPU = Debug|Any CPU
		Release|Any CPU = Release|Any CPU
	EndGlobalSection
	GlobalSection(ProjectConfigurationPlatforms) = postSolution
		{CA6775B2-980E-4849-8CAB-314C530A9A04}.Debug|Any CPU.ActiveCfg = Debug|Any CPU
		{CA6775B2-980E-4849-8CAB-314C530A9A04}.Debug|Any CPU.Build.0 = Debug|Any CPU
		{CA6775B2-980E-4849-8CAB-314C530A9A04}.Release|Any CPU.ActiveCfg = Release|Any CPU
		{CA6775B2-980E-4849-8CAB-314C530A9A04}.Release|Any CPU.Build.0 = Release|Any CPU
	EndGlobalSection
	GlobalSection(SolutionProperties) = preSolution
		HideSolutionNode = FALSE
	EndGlobalSection
	GlobalSection(ExtensibilityGlobals) = postSolution
		SolutionGuid = {E2627D56-AFF4-451F-8C28-C7B3642AFCDC}
	EndGlobalSection
EndGlobal
