
Microsoft Visual Studio Solution File, Format Version 12.00
# Visual Studio Version 17
VisualStudioVersion = 17.13.35931.197 d17.13
MinimumVisualStudioVersion = 10.0.40219.1
Project("{FAE04EC0-301F-11D3-BF4B-00C04F79EFBC}") = "16_Enum", "16_Enum.csproj", "{7CB0743A-7004-4E0C-8421-34320F63D551}"
EndProject
Global
	GlobalSection(SolutionConfigurationPlatforms) = preSolution
		Debug|Any CPU = Debug|Any CPU
		Release|Any CPU = Release|Any CPU
	EndGlobalSection
	GlobalSection(ProjectConfigurationPlatforms) = postSolution
		{7CB0743A-7004-4E0C-8421-34320F63D551}.Debug|Any CPU.ActiveCfg = Debug|Any CPU
		{7CB0743A-7004-4E0C-8421-34320F63D551}.Debug|Any CPU.Build.0 = Debug|Any CPU
		{7CB0743A-7004-4E0C-8421-34320F63D551}.Release|Any CPU.ActiveCfg = Release|Any CPU
		{7CB0743A-7004-4E0C-8421-34320F63D551}.Release|Any CPU.Build.0 = Release|Any CPU
	EndGlobalSection
	GlobalSection(SolutionProperties) = preSolution
		HideSolutionNode = FALSE
	EndGlobalSection
	GlobalSection(ExtensibilityGlobals) = postSolution
		SolutionGuid = {FF68E8B9-A699-44C6-B76C-9CFCDE846A6A}
	EndGlobalSection
EndGlobal
